// !$*UTF8*$!
{
	archiveVersion = 1;
	classes = {
	};
	objectVersion = 55;
	objects = {

/* Begin PBXBuildFile section */
		B23F60CD27BB96C4004F38D1 /* TheMoviesApp.swift in Sources */ = {isa = PBXBuildFile; fileRef = B23F60CC27BB96C4004F38D1 /* TheMoviesApp.swift */; };
		B23F60CF27BB96C4004F38D1 /* ContentView.swift in Sources */ = {isa = PBXBuildFile; fileRef = B23F60CE27BB96C4004F38D1 /* ContentView.swift */; };
		B23F60D127BB96CB004F38D1 /* Assets.xcassets in Resources */ = {isa = PBXBuildFile; fileRef = B23F60D027BB96CB004F38D1 /* Assets.xcassets */; };
		B23F60D427BB96CB004F38D1 /* Preview Assets.xcassets in Resources */ = {isa = PBXBuildFile; fileRef = B23F60D327BB96CB004F38D1 /* Preview Assets.xcassets */; };
		B23F60E027BB9B7E004F38D1 /* HomeTabView.swift in Sources */ = {isa = PBXBuildFile; fileRef = B23F60DF27BB9B7C004F38D1 /* HomeTabView.swift */; };
		B23F60E227BBA072004F38D1 /* SettingsView.swift in Sources */ = {isa = PBXBuildFile; fileRef = B23F60E127BBA072004F38D1 /* SettingsView.swift */; };
		B23F60E427BBDF7C004F38D1 /* MoviesView.swift in Sources */ = {isa = PBXBuildFile; fileRef = B23F60E327BBDF7C004F38D1 /* MoviesView.swift */; };
		B23F60E627BBDFA9004F38D1 /* DiscoverView.swift in Sources */ = {isa = PBXBuildFile; fileRef = B23F60E527BBDFA9004F38D1 /* DiscoverView.swift */; };
		B23F60E827BCFF3E004F38D1 /* Movies.swift in Sources */ = {isa = PBXBuildFile; fileRef = B23F60E727BCFF3E004F38D1 /* Movies.swift */; };
		B23F60EA27BD13CE004F38D1 /* Cast.swift in Sources */ = {isa = PBXBuildFile; fileRef = B23F60E927BD13CE004F38D1 /* Cast.swift */; };
		B23F60EC27BD24E5004F38D1 /* Review.swift in Sources */ = {isa = PBXBuildFile; fileRef = B23F60EB27BD24E5004F38D1 /* Review.swift */; };
		B23F60EF27BD41CF004F38D1 /* Alamofire in Frameworks */ = {isa = PBXBuildFile; productRef = B23F60EE27BD41CF004F38D1 /* Alamofire */; };
		B23F60F127BD425A004F38D1 /* NetworkManager.swift in Sources */ = {isa = PBXBuildFile; fileRef = B23F60F027BD425A004F38D1 /* NetworkManager.swift */; };
		B23F60F327BD49C8004F38D1 /* API.swift in Sources */ = {isa = PBXBuildFile; fileRef = B23F60F227BD49C8004F38D1 /* API.swift */; };
		B23F60F527BD4B5C004F38D1 /* MovieURL.swift in Sources */ = {isa = PBXBuildFile; fileRef = B23F60F427BD4B5C004F38D1 /* MovieURL.swift */; };
		B23F60F727BD4D99004F38D1 /* MovieDownloadManager.swift in Sources */ = {isa = PBXBuildFile; fileRef = B23F60F627BD4D99004F38D1 /* MovieDownloadManager.swift */; };
		B23F60F927BD7652004F38D1 /* MovieReviewsManager.swift in Sources */ = {isa = PBXBuildFile; fileRef = B23F60F827BD7651004F38D1 /* MovieReviewsManager.swift */; };
		B23F60FB27BD7FE5004F38D1 /* ImageLoader.swift in Sources */ = {isa = PBXBuildFile; fileRef = B23F60FA27BD7FE5004F38D1 /* ImageLoader.swift */; };
		B23F60FD27BD8111004F38D1 /* ImageCache.swift in Sources */ = {isa = PBXBuildFile; fileRef = B23F60FC27BD8111004F38D1 /* ImageCache.swift */; };
		B2F8487A27BE224E004198C0 /* EnvironmentValues+ImageCache.swift in Sources */ = {isa = PBXBuildFile; fileRef = B2F8487927BE224E004198C0 /* EnvironmentValues+ImageCache.swift */; };
		B2F8487C27BE23DF004198C0 /* AsyncImage.swift in Sources */ = {isa = PBXBuildFile; fileRef = B2F8487B27BE23DF004198C0 /* AsyncImage.swift */; };
		B2F8487E27BED347004198C0 /* MovieCell.swift in Sources */ = {isa = PBXBuildFile; fileRef = B2F8487D27BED346004198C0 /* MovieCell.swift */; };
		B2F8488027C00D2F004198C0 /* MovieDetailView.swift in Sources */ = {isa = PBXBuildFile; fileRef = B2F8487F27C00D2F004198C0 /* MovieDetailView.swift */; };
		B2F8488227C02D7D004198C0 /* MovieReviewView.swift in Sources */ = {isa = PBXBuildFile; fileRef = B2F8488127C02D7D004198C0 /* MovieReviewView.swift */; };
/* End PBXBuildFile section */

/* Begin PBXFileReference section */
		B23F60C927BB96C3004F38D1 /* TheMovies.app */ = {isa = PBXFileReference; explicitFileType = wrapper.application; includeInIndex = 0; path = TheMovies.app; sourceTree = BUILT_PRODUCTS_DIR; };
		B23F60CC27BB96C4004F38D1 /* TheMoviesApp.swift */ = {isa = PBXFileReference; lastKnownFileType = sourcecode.swift; path = TheMoviesApp.swift; sourceTree = "<group>"; };
		B23F60CE27BB96C4004F38D1 /* ContentView.swift */ = {isa = PBXFileReference; lastKnownFileType = sourcecode.swift; path = ContentView.swift; sourceTree = "<group>"; };
		B23F60D027BB96CB004F38D1 /* Assets.xcassets */ = {isa = PBXFileReference; lastKnownFileType = folder.assetcatalog; path = Assets.xcassets; sourceTree = "<group>"; };
		B23F60D327BB96CB004F38D1 /* Preview Assets.xcassets */ = {isa = PBXFileReference; lastKnownFileType = folder.assetcatalog; path = "Preview Assets.xcassets"; sourceTree = "<group>"; };
		B23F60DF27BB9B7C004F38D1 /* HomeTabView.swift */ = {isa = PBXFileReference; lastKnownFileType = sourcecode.swift; path = HomeTabView.swift; sourceTree = "<group>"; };
		B23F60E127BBA072004F38D1 /* SettingsView.swift */ = {isa = PBXFileReference; lastKnownFileType = sourcecode.swift; path = SettingsView.swift; sourceTree = "<group>"; };
		B23F60E327BBDF7C004F38D1 /* MoviesView.swift */ = {isa = PBXFileReference; lastKnownFileType = sourcecode.swift; path = MoviesView.swift; sourceTree = "<group>"; };
		B23F60E527BBDFA9004F38D1 /* DiscoverView.swift */ = {isa = PBXFileReference; lastKnownFileType = sourcecode.swift; path = DiscoverView.swift; sourceTree = "<group>"; };
		B23F60E727BCFF3E004F38D1 /* Movies.swift */ = {isa = PBXFileReference; lastKnownFileType = sourcecode.swift; path = Movies.swift; sourceTree = "<group>"; };
		B23F60E927BD13CE004F38D1 /* Cast.swift */ = {isa = PBXFileReference; lastKnownFileType = sourcecode.swift; path = Cast.swift; sourceTree = "<group>"; };
		B23F60EB27BD24E5004F38D1 /* Review.swift */ = {isa = PBXFileReference; lastKnownFileType = sourcecode.swift; path = Review.swift; sourceTree = "<group>"; };
		B23F60F027BD425A004F38D1 /* NetworkManager.swift */ = {isa = PBXFileReference; lastKnownFileType = sourcecode.swift; path = NetworkManager.swift; sourceTree = "<group>"; };
		B23F60F227BD49C8004F38D1 /* API.swift */ = {isa = PBXFileReference; lastKnownFileType = sourcecode.swift; path = API.swift; sourceTree = "<group>"; };
		B23F60F427BD4B5C004F38D1 /* MovieURL.swift */ = {isa = PBXFileReference; lastKnownFileType = sourcecode.swift; path = MovieURL.swift; sourceTree = "<group>"; };
		B23F60F627BD4D99004F38D1 /* MovieDownloadManager.swift */ = {isa = PBXFileReference; lastKnownFileType = sourcecode.swift; path = MovieDownloadManager.swift; sourceTree = "<group>"; };
		B23F60F827BD7651004F38D1 /* MovieReviewsManager.swift */ = {isa = PBXFileReference; lastKnownFileType = sourcecode.swift; path = MovieReviewsManager.swift; sourceTree = "<group>"; };
		B23F60FA27BD7FE5004F38D1 /* ImageLoader.swift */ = {isa = PBXFileReference; lastKnownFileType = sourcecode.swift; path = ImageLoader.swift; sourceTree = "<group>"; };
		B23F60FC27BD8111004F38D1 /* ImageCache.swift */ = {isa = PBXFileReference; lastKnownFileType = sourcecode.swift; path = ImageCache.swift; sourceTree = "<group>"; };
		B2F8487927BE224E004198C0 /* EnvironmentValues+ImageCache.swift */ = {isa = PBXFileReference; lastKnownFileType = sourcecode.swift; path = "EnvironmentValues+ImageCache.swift"; sourceTree = "<group>"; };
		B2F8487B27BE23DF004198C0 /* AsyncImage.swift */ = {isa = PBXFileReference; lastKnownFileType = sourcecode.swift; path = AsyncImage.swift; sourceTree = "<group>"; };
		B2F8487D27BED346004198C0 /* MovieCell.swift */ = {isa = PBXFileReference; lastKnownFileType = sourcecode.swift; path = MovieCell.swift; sourceTree = "<group>"; };
		B2F8487F27C00D2F004198C0 /* MovieDetailView.swift */ = {isa = PBXFileReference; lastKnownFileType = sourcecode.swift; path = MovieDetailView.swift; sourceTree = "<group>"; };
		B2F8488127C02D7D004198C0 /* MovieReviewView.swift */ = {isa = PBXFileReference; lastKnownFileType = sourcecode.swift; path = MovieReviewView.swift; sourceTree = "<group>"; };
/* End PBXFileReference section */

/* Begin PBXFrameworksBuildPhase section */
		B23F60C627BB96C3004F38D1 /* Frameworks */ = {
			isa = PBXFrameworksBuildPhase;
			buildActionMask = 2147483647;
			files = (
				B23F60EF27BD41CF004F38D1 /* Alamofire in Frameworks */,
			);
			runOnlyForDeploymentPostprocessing = 0;
		};
/* End PBXFrameworksBuildPhase section */

/* Begin PBXGroup section */
		B23F60C027BB96C3004F38D1 = {
			isa = PBXGroup;
			children = (
				B23F60CB27BB96C3004F38D1 /* TheMovies */,
				B23F60CA27BB96C3004F38D1 /* Products */,
			);
			sourceTree = "<group>";
		};
		B23F60CA27BB96C3004F38D1 /* Products */ = {
			isa = PBXGroup;
			children = (
				B23F60C927BB96C3004F38D1 /* TheMovies.app */,
			);
			name = Products;
			sourceTree = "<group>";
		};
		B23F60CB27BB96C3004F38D1 /* TheMovies */ = {
			isa = PBXGroup;
			children = (
				B23F60DD27BB9900004F38D1 /* Views */,
				B23F60DC27BB98DD004F38D1 /* Models */,
				B23F60DB27BB98BA004F38D1 /* Networking */,
				B23F60DA27BB987F004F38D1 /* AsyncImage */,
				B23F60CC27BB96C4004F38D1 /* TheMoviesApp.swift */,
				B23F60CE27BB96C4004F38D1 /* ContentView.swift */,
				B23F60D027BB96CB004F38D1 /* Assets.xcassets */,
				B23F60D227BB96CB004F38D1 /* Preview Content */,
			);
			path = TheMovies;
			sourceTree = "<group>";
		};
		B23F60D227BB96CB004F38D1 /* Preview Content */ = {
			isa = PBXGroup;
			children = (
				B23F60D327BB96CB004F38D1 /* Preview Assets.xcassets */,
			);
			path = "Preview Content";
			sourceTree = "<group>";
		};
		B23F60DA27BB987F004F38D1 /* AsyncImage */ = {
			isa = PBXGroup;
			children = (
				B23F60FA27BD7FE5004F38D1 /* ImageLoader.swift */,
				B23F60FC27BD8111004F38D1 /* ImageCache.swift */,
				B2F8487927BE224E004198C0 /* EnvironmentValues+ImageCache.swift */,
				B2F8487B27BE23DF004198C0 /* AsyncImage.swift */,
			);
			path = AsyncImage;
			sourceTree = "<group>";
		};
		B23F60DB27BB98BA004F38D1 /* Networking */ = {
			isa = PBXGroup;
			children = (
				B23F60F027BD425A004F38D1 /* NetworkManager.swift */,
				B23F60F227BD49C8004F38D1 /* API.swift */,
				B23F60F427BD4B5C004F38D1 /* MovieURL.swift */,
				B23F60F627BD4D99004F38D1 /* MovieDownloadManager.swift */,
				B23F60F827BD7651004F38D1 /* MovieReviewsManager.swift */,
			);
			path = Networking;
			sourceTree = "<group>";
		};
		B23F60DC27BB98DD004F38D1 /* Models */ = {
			isa = PBXGroup;
			children = (
				B23F60E727BCFF3E004F38D1 /* Movies.swift */,
				B23F60E927BD13CE004F38D1 /* Cast.swift */,
				B23F60EB27BD24E5004F38D1 /* Review.swift */,
			);
			path = Models;
			sourceTree = "<group>";
		};
		B23F60DD27BB9900004F38D1 /* Views */ = {
			isa = PBXGroup;
			children = (
				B23F60E127BBA072004F38D1 /* SettingsView.swift */,
				B23F60DF27BB9B7C004F38D1 /* HomeTabView.swift */,
				B23F60E327BBDF7C004F38D1 /* MoviesView.swift */,
				B23F60E527BBDFA9004F38D1 /* DiscoverView.swift */,
				B2F8487D27BED346004198C0 /* MovieCell.swift */,
				B2F8487F27C00D2F004198C0 /* MovieDetailView.swift */,
				B2F8488127C02D7D004198C0 /* MovieReviewView.swift */,
			);
			path = Views;
			sourceTree = "<group>";
		};
/* End PBXGroup section */

/* Begin PBXNativeTarget section */
		B23F60C827BB96C3004F38D1 /* TheMovies */ = {
			isa = PBXNativeTarget;
			buildConfigurationList = B23F60D727BB96CB004F38D1 /* Build configuration list for PBXNativeTarget "TheMovies" */;
			buildPhases = (
				B23F60C527BB96C3004F38D1 /* Sources */,
				B23F60C627BB96C3004F38D1 /* Frameworks */,
				B23F60C727BB96C3004F38D1 /* Resources */,
			);
			buildRules = (
			);
			dependencies = (
			);
			name = TheMovies;
			packageProductDependencies = (
				B23F60EE27BD41CF004F38D1 /* Alamofire */,
			);
			productName = TheMovies;
			productReference = B23F60C927BB96C3004F38D1 /* TheMovies.app */;
			productType = "com.apple.product-type.application";
		};
/* End PBXNativeTarget section */

/* Begin PBXProject section */
		B23F60C127BB96C3004F38D1 /* Project object */ = {
			isa = PBXProject;
			attributes = {
				BuildIndependentTargetsInParallel = 1;
				LastSwiftUpdateCheck = 1320;
				LastUpgradeCheck = 1320;
				TargetAttributes = {
					B23F60C827BB96C3004F38D1 = {
						CreatedOnToolsVersion = 13.2.1;
					};
				};
			};
			buildConfigurationList = B23F60C427BB96C3004F38D1 /* Build configuration list for PBXProject "TheMovies" */;
			compatibilityVersion = "Xcode 13.0";
			developmentRegion = en;
			hasScannedForEncodings = 0;
			knownRegions = (
				en,
				Base,
			);
			mainGroup = B23F60C027BB96C3004F38D1;
			packageReferences = (
				B23F60ED27BD41CF004F38D1 /* XCRemoteSwiftPackageReference "Alamofire" */,
			);
			productRefGroup = B23F60CA27BB96C3004F38D1 /* Products */;
			projectDirPath = "";
			projectRoot = "";
			targets = (
				B23F60C827BB96C3004F38D1 /* TheMovies */,
			);
		};
/* End PBXProject section */

/* Begin PBXResourcesBuildPhase section */
		B23F60C727BB96C3004F38D1 /* Resources */ = {
			isa = PBXResourcesBuildPhase;
			buildActionMask = 2147483647;
			files = (
				B23F60D427BB96CB004F38D1 /* Preview Assets.xcassets in Resources */,
				B23F60D127BB96CB004F38D1 /* Assets.xcassets in Resources */,
			);
			runOnlyForDeploymentPostprocessing = 0;
		};
/* End PBXResourcesBuildPhase section */

/* Begin PBXSourcesBuildPhase section */
		B23F60C527BB96C3004F38D1 /* Sources */ = {
			isa = PBXSourcesBuildPhase;
			buildActionMask = 2147483647;
			files = (
				B23F60F327BD49C8004F38D1 /* API.swift in Sources */,
				B23F60EA27BD13CE004F38D1 /* Cast.swift in Sources */,
				B23F60FD27BD8111004F38D1 /* ImageCache.swift in Sources */,
				B23F60FB27BD7FE5004F38D1 /* ImageLoader.swift in Sources */,
				B23F60E827BCFF3E004F38D1 /* Movies.swift in Sources */,
				B23F60F127BD425A004F38D1 /* NetworkManager.swift in Sources */,
				B23F60EC27BD24E5004F38D1 /* Review.swift in Sources */,
				B23F60F727BD4D99004F38D1 /* MovieDownloadManager.swift in Sources */,
				B23F60E427BBDF7C004F38D1 /* MoviesView.swift in Sources */,
				B23F60E027BB9B7E004F38D1 /* HomeTabView.swift in Sources */,
				B2F8488227C02D7D004198C0 /* MovieReviewView.swift in Sources */,
				B2F8488027C00D2F004198C0 /* MovieDetailView.swift in Sources */,
				B2F8487C27BE23DF004198C0 /* AsyncImage.swift in Sources */,
				B23F60F927BD7652004F38D1 /* MovieReviewsManager.swift in Sources */,
				B2F8487A27BE224E004198C0 /* EnvironmentValues+ImageCache.swift in Sources */,
				B23F60E227BBA072004F38D1 /* SettingsView.swift in Sources */,
				B2F8487E27BED347004198C0 /* MovieCell.swift in Sources */,
				B23F60F527BD4B5C004F38D1 /* MovieURL.swift in Sources */,
				B23F60CF27BB96C4004F38D1 /* ContentView.swift in Sources */,
				B23F60CD27BB96C4004F38D1 /* TheMoviesApp.swift in Sources */,
				B23F60E627BBDFA9004F38D1 /* DiscoverView.swift in Sources */,
			);
			runOnlyForDeploymentPostprocessing = 0;
		};
/* End PBXSourcesBuildPhase section */

/* Begin XCBuildConfiguration section */
		B23F60D527BB96CB004F38D1 /* Debug */ = {
			isa = XCBuildConfiguration;
			buildSettings = {
				ALWAYS_SEARCH_USER_PATHS = NO;
				CLANG_ANALYZER_NONNULL = YES;
				CLANG_ANALYZER_NUMBER_OBJECT_CONVERSION = YES_AGGRESSIVE;
				CLANG_CXX_LANGUAGE_STANDARD = "gnu++17";
				CLANG_CXX_LIBRARY = "libc++";
				CLANG_ENABLE_MODULES = YES;
				CLANG_ENABLE_OBJC_ARC = YES;
				CLANG_ENABLE_OBJC_WEAK = YES;
				CLANG_WARN_BLOCK_CAPTURE_AUTORELEASING = YES;
				CLANG_WARN_BOOL_CONVERSION = YES;
				CLANG_WARN_COMMA = YES;
				CLANG_WARN_CONSTANT_CONVERSION = YES;
				CLANG_WARN_DEPRECATED_OBJC_IMPLEMENTATIONS = YES;
				CLANG_WARN_DIRECT_OBJC_ISA_USAGE = YES_ERROR;
				CLANG_WARN_DOCUMENTATION_COMMENTS = YES;
				CLANG_WARN_EMPTY_BODY = YES;
				CLANG_WARN_ENUM_CONVERSION = YES;
				CLANG_WARN_INFINITE_RECURSION = YES;
				CLANG_WARN_INT_CONVERSION = YES;
				CLANG_WARN_NON_LITERAL_NULL_CONVERSION = YES;
				CLANG_WARN_OBJC_IMPLICIT_RETAIN_SELF = YES;
				CLANG_WARN_OBJC_LITERAL_CONVERSION = YES;
				CLANG_WARN_OBJC_ROOT_CLASS = YES_ERROR;
				CLANG_WARN_QUOTED_INCLUDE_IN_FRAMEWORK_HEADER = YES;
				CLANG_WARN_RANGE_LOOP_ANALYSIS = YES;
				CLANG_WARN_STRICT_PROTOTYPES = YES;
				CLANG_WARN_SUSPICIOUS_MOVE = YES;
				CLANG_WARN_UNGUARDED_AVAILABILITY = YES_AGGRESSIVE;
				CLANG_WARN_UNREACHABLE_CODE = YES;
				CLANG_WARN__DUPLICATE_METHOD_MATCH = YES;
				COPY_PHASE_STRIP = NO;
				DEBUG_INFORMATION_FORMAT = dwarf;
				ENABLE_STRICT_OBJC_MSGSEND = YES;
				ENABLE_TESTABILITY = YES;
				GCC_C_LANGUAGE_STANDARD = gnu11;
				GCC_DYNAMIC_NO_PIC = NO;
				GCC_NO_COMMON_BLOCKS = YES;
				GCC_OPTIMIZATION_LEVEL = 0;
				GCC_PREPROCESSOR_DEFINITIONS = (
					"DEBUG=1",
					"$(inherited)",
				);
				GCC_WARN_64_TO_32_BIT_CONVERSION = YES;
				GCC_WARN_ABOUT_RETURN_TYPE = YES_ERROR;
				GCC_WARN_UNDECLARED_SELECTOR = YES;
				GCC_WARN_UNINITIALIZED_AUTOS = YES_AGGRESSIVE;
				GCC_WARN_UNUSED_FUNCTION = YES;
				GCC_WARN_UNUSED_VARIABLE = YES;
				IPHONEOS_DEPLOYMENT_TARGET = 15.2;
				MTL_ENABLE_DEBUG_INFO = INCLUDE_SOURCE;
				MTL_FAST_MATH = YES;
				ONLY_ACTIVE_ARCH = YES;
				SDKROOT = iphoneos;
				SWIFT_ACTIVE_COMPILATION_CONDITIONS = DEBUG;
				SWIFT_OPTIMIZATION_LEVEL = "-Onone";
			};
			name = Debug;
		};
		B23F60D627BB96CB004F38D1 /* Release */ = {
			isa = XCBuildConfiguration;
			buildSettings = {
				ALWAYS_SEARCH_USER_PATHS = NO;
				CLANG_ANALYZER_NONNULL = YES;
				CLANG_ANALYZER_NUMBER_OBJECT_CONVERSION = YES_AGGRESSIVE;
				CLANG_CXX_LANGUAGE_STANDARD = "gnu++17";
				CLANG_CXX_LIBRARY = "libc++";
				CLANG_ENABLE_MODULES = YES;
				CLANG_ENABLE_OBJC_ARC = YES;
				CLANG_ENABLE_OBJC_WEAK = YES;
				CLANG_WARN_BLOCK_CAPTURE_AUTORELEASING = YES;
				CLANG_WARN_BOOL_CONVERSION = YES;
				CLANG_WARN_COMMA = YES;
				CLANG_WARN_CONSTANT_CONVERSION = YES;
				CLANG_WARN_DEPRECATED_OBJC_IMPLEMENTATIONS = YES;
				CLANG_WARN_DIRECT_OBJC_ISA_USAGE = YES_ERROR;
				CLANG_WARN_DOCUMENTATION_COMMENTS = YES;
				CLANG_WARN_EMPTY_BODY = YES;
				CLANG_WARN_ENUM_CONVERSION = YES;
				CLANG_WARN_INFINITE_RECURSION = YES;
				CLANG_WARN_INT_CONVERSION = YES;
				CLANG_WARN_NON_LITERAL_NULL_CONVERSION = YES;
				CLANG_WARN_OBJC_IMPLICIT_RETAIN_SELF = YES;
				CLANG_WARN_OBJC_LITERAL_CONVERSION = YES;
				CLANG_WARN_OBJC_ROOT_CLASS = YES_ERROR;
				CLANG_WARN_QUOTED_INCLUDE_IN_FRAMEWORK_HEADER = YES;
				CLANG_WARN_RANGE_LOOP_ANALYSIS = YES;
				CLANG_WARN_STRICT_PROTOTYPES = YES;
				CLANG_WARN_SUSPICIOUS_MOVE = YES;
				CLANG_WARN_UNGUARDED_AVAILABILITY = YES_AGGRESSIVE;
				CLANG_WARN_UNREACHABLE_CODE = YES;
				CLANG_WARN__DUPLICATE_METHOD_MATCH = YES;
				COPY_PHASE_STRIP = NO;
				DEBUG_INFORMATION_FORMAT = "dwarf-with-dsym";
				ENABLE_NS_ASSERTIONS = NO;
				ENABLE_STRICT_OBJC_MSGSEND = YES;
				GCC_C_LANGUAGE_STANDARD = gnu11;
				GCC_NO_COMMON_BLOCKS = YES;
				GCC_WARN_64_TO_32_BIT_CONVERSION = YES;
				GCC_WARN_ABOUT_RETURN_TYPE = YES_ERROR;
				GCC_WARN_UNDECLARED_SELECTOR = YES;
				GCC_WARN_UNINITIALIZED_AUTOS = YES_AGGRESSIVE;
				GCC_WARN_UNUSED_FUNCTION = YES;
				GCC_WARN_UNUSED_VARIABLE = YES;
				IPHONEOS_DEPLOYMENT_TARGET = 15.2;
				MTL_ENABLE_DEBUG_INFO = NO;
				MTL_FAST_MATH = YES;
				SDKROOT = iphoneos;
				SWIFT_COMPILATION_MODE = wholemodule;
				SWIFT_OPTIMIZATION_LEVEL = "-O";
				VALIDATE_PRODUCT = YES;
			};
			name = Release;
		};
		B23F60D827BB96CB004F38D1 /* Debug */ = {
			isa = XCBuildConfiguration;
			buildSettings = {
				ASSETCATALOG_COMPILER_APPICON_NAME = AppIcon;
				ASSETCATALOG_COMPILER_GLOBAL_ACCENT_COLOR_NAME = AccentColor;
				CODE_SIGN_STYLE = Automatic;
				CURRENT_PROJECT_VERSION = 1;
				DEVELOPMENT_ASSET_PATHS = "\"TheMovies/Preview Content\"";
				DEVELOPMENT_TEAM = 9LDWUP27AK;
				ENABLE_PREVIEWS = YES;
				GENERATE_INFOPLIST_FILE = YES;
				INFOPLIST_KEY_UIApplicationSceneManifest_Generation = YES;
				INFOPLIST_KEY_UIApplicationSupportsIndirectInputEvents = YES;
				INFOPLIST_KEY_UILaunchScreen_Generation = YES;
				INFOPLIST_KEY_UISupportedInterfaceOrientations_iPad = "UIInterfaceOrientationPortrait UIInterfaceOrientationPortraitUpsideDown UIInterfaceOrientationLandscapeLeft UIInterfaceOrientationLandscapeRight";
				INFOPLIST_KEY_UISupportedInterfaceOrientations_iPhone = "UIInterfaceOrientationPortrait UIInterfaceOrientationLandscapeLeft UIInterfaceOrientationLandscapeRight";
				LD_RUNPATH_SEARCH_PATHS = (
					"$(inherited)",
					"@executable_path/Frameworks",
				);
				MARKETING_VERSION = 1.0;
				PRODUCT_BUNDLE_IDENTIFIER = com.mysite.TheMovies;
				PRODUCT_NAME = "$(TARGET_NAME)";
				SWIFT_EMIT_LOC_STRINGS = YES;
				SWIFT_VERSION = 5.0;
				TARGETED_DEVICE_FAMILY = "1,2";
			};
			name = Debug;
		};
		B23F60D927BB96CB004F38D1 /* Release */ = {
			isa = XCBuildConfiguration;
			buildSettings = {
				ASSETCATALOG_COMPILER_APPICON_NAME = AppIcon;
				ASSETCATALOG_COMPILER_GLOBAL_ACCENT_COLOR_NAME = AccentColor;
				CODE_SIGN_STYLE = Automatic;
				CURRENT_PROJECT_VERSION = 1;
				DEVELOPMENT_ASSET_PATHS = "\"TheMovies/Preview Content\"";
				DEVELOPMENT_TEAM = 9LDWUP27AK;
				ENABLE_PREVIEWS = YES;
				GENERATE_INFOPLIST_FILE = YES;
				INFOPLIST_KEY_UIApplicationSceneManifest_Generation = YES;
				INFOPLIST_KEY_UIApplicationSupportsIndirectInputEvents = YES;
				INFOPLIST_KEY_UILaunchScreen_Generation = YES;
				INFOPLIST_KEY_UISupportedInterfaceOrientations_iPad = "UIInterfaceOrientationPortrait UIInterfaceOrientationPortraitUpsideDown UIInterfaceOrientationLandscapeLeft UIInterfaceOrientationLandscapeRight";
				INFOPLIST_KEY_UISupportedInterfaceOrientations_iPhone = "UIInterfaceOrientationPortrait UIInterfaceOrientationLandscapeLeft UIInterfaceOrientationLandscapeRight";
				LD_RUNPATH_SEARCH_PATHS = (
					"$(inherited)",
					"@executable_path/Frameworks",
				);
				MARKETING_VERSION = 1.0;
				PRODUCT_BUNDLE_IDENTIFIER = com.mysite.TheMovies;
				PRODUCT_NAME = "$(TARGET_NAME)";
				SWIFT_EMIT_LOC_STRINGS = YES;
				SWIFT_VERSION = 5.0;
				TARGETED_DEVICE_FAMILY = "1,2";
			};
			name = Release;
		};
/* End XCBuildConfiguration section */

/* Begin XCConfigurationList section */
		B23F60C427BB96C3004F38D1 /* Build configuration list for PBXProject "TheMovies" */ = {
			isa = XCConfigurationList;
			buildConfigurations = (
				B23F60D527BB96CB004F38D1 /* Debug */,
				B23F60D627BB96CB004F38D1 /* Release */,
			);
			defaultConfigurationIsVisible = 0;
			defaultConfigurationName = Release;
		};
		B23F60D727BB96CB004F38D1 /* Build configuration list for PBXNativeTarget "TheMovies" */ = {
			isa = XCConfigurationList;
			buildConfigurations = (
				B23F60D827BB96CB004F38D1 /* Debug */,
				B23F60D927BB96CB004F38D1 /* Release */,
			);
			defaultConfigurationIsVisible = 0;
			defaultConfigurationName = Release;
		};
/* End XCConfigurationList section */

/* Begin XCRemoteSwiftPackageReference section */
		B23F60ED27BD41CF004F38D1 /* XCRemoteSwiftPackageReference "Alamofire" */ = {
			isa = XCRemoteSwiftPackageReference;
			repositoryURL = "https://github.com/Alamofire/Alamofire";
			requirement = {
				kind = upToNextMajorVersion;
				minimumVersion = 5.0.0;
			};
		};
/* End XCRemoteSwiftPackageReference section */

/* Begin XCSwiftPackageProductDependency section */
		B23F60EE27BD41CF004F38D1 /* Alamofire */ = {
			isa = XCSwiftPackageProductDependency;
			package = B23F60ED27BD41CF004F38D1 /* XCRemoteSwiftPackageReference "Alamofire" */;
			productName = Alamofire;
		};
/* End XCSwiftPackageProductDependency section */
	};
	rootObject = B23F60C127BB96C3004F38D1 /* Project object */;
}
